// !$*UTF8*$!
{
	archiveVersion = 1;
	classes = {
	};
	objectVersion = 50;
	objects = {

/* Begin PBXBuildFile section */
		2E4B77EA276545D9002C0559 /* AppDelegate.swift in Sources */ = {isa = PBXBuildFile; fileRef = 2E4B77E9276545D9002C0559 /* AppDelegate.swift */; };
		2E4B77EC276545D9002C0559 /* SceneDelegate.swift in Sources */ = {isa = PBXBuildFile; fileRef = 2E4B77EB276545D9002C0559 /* SceneDelegate.swift */; };
		2E4B77EE276545D9002C0559 /* ViewController.swift in Sources */ = {isa = PBXBuildFile; fileRef = 2E4B77ED276545D9002C0559 /* ViewController.swift */; };
		2E4B77F1276545D9002C0559 /* Main.storyboard in Resources */ = {isa = PBXBuildFile; fileRef = 2E4B77EF276545D9002C0559 /* Main.storyboard */; };
		2E4B77F4276545D9002C0559 /* BucketListCoreData.xcdatamodeld in Sources */ = {isa = PBXBuildFile; fileRef = 2E4B77F2276545D9002C0559 /* BucketListCoreData.xcdatamodeld */; };
		2E4B77F6276545DA002C0559 /* Assets.xcassets in Resources */ = {isa = PBXBuildFile; fileRef = 2E4B77F5276545DA002C0559 /* Assets.xcassets */; };
		2E4B77F9276545DA002C0559 /* LaunchScreen.storyboard in Resources */ = {isa = PBXBuildFile; fileRef = 2E4B77F7276545DA002C0559 /* LaunchScreen.storyboard */; };
/* End PBXBuildFile section */

/* Begin PBXFileReference section */
		2E4B77E6276545D9002C0559 /* BucketListCoreData.app */ = {isa = PBXFileReference; explicitFileType = wrapper.application; includeInIndex = 0; path = BucketListCoreData.app; sourceTree = BUILT_PRODUCTS_DIR; };
		2E4B77E9276545D9002C0559 /* AppDelegate.swift */ = {isa = PBXFileReference; lastKnownFileType = sourcecode.swift; path = AppDelegate.swift; sourceTree = "<group>"; };
		2E4B77EB276545D9002C0559 /* SceneDelegate.swift */ = {isa = PBXFileReference; lastKnownFileType = sourcecode.swift; path = SceneDelegate.swift; sourceTree = "<group>"; };
		2E4B77ED276545D9002C0559 /* ViewController.swift */ = {isa = PBXFileReference; lastKnownFileType = sourcecode.swift; path = ViewController.swift; sourceTree = "<group>"; };
		2E4B77F0276545D9002C0559 /* Base */ = {isa = PBXFileReference; lastKnownFileType = file.storyboard; name = Base; path = Base.lproj/Main.storyboard; sourceTree = "<group>"; };
		2E4B77F3276545D9002C0559 /* BucketListCoreData.xcdatamodel */ = {isa = PBXFileReference; lastKnownFileType = wrapper.xcdatamodel; path = BucketListCoreData.xcdatamodel; sourceTree = "<group>"; };
		2E4B77F5276545DA002C0559 /* Assets.xcassets */ = {isa = PBXFileReference; lastKnownFileType = folder.assetcatalog; path = Assets.xcassets; sourceTree = "<group>"; };
		2E4B77F8276545DA002C0559 /* Base */ = {isa = PBXFileReference; lastKnownFileType = file.storyboard; name = Base; path = Base.lproj/LaunchScreen.storyboard; sourceTree = "<group>"; };
		2E4B77FA276545DA002C0559 /* Info.plist */ = {isa = PBXFileReference; lastKnownFileType = text.plist.xml; path = Info.plist; sourceTree = "<group>"; };
/* End PBXFileReference section */

/* Begin PBXFrameworksBuildPhase section */
		2E4B77E3276545D9002C0559 /* Frameworks */ = {
			isa = PBXFrameworksBuildPhase;
			buildActionMask = 2147483647;
			files = (
			);
			runOnlyForDeploymentPostprocessing = 0;
		};
/* End PBXFrameworksBuildPhase section */

/* Begin PBXGroup section */
		2E4B77DD276545D9002C0559 = {
			isa = PBXGroup;
			children = (
				2E4B77E8276545D9002C0559 /* BucketListCoreData */,
				2E4B77E7276545D9002C0559 /* Products */,
			);
			sourceTree = "<group>";
		};
		2E4B77E7276545D9002C0559 /* Products */ = {
			isa = PBXGroup;
			children = (
				2E4B77E6276545D9002C0559 /* BucketListCoreData.app */,
			);
			name = Products;
			sourceTree = "<group>";
		};
		2E4B77E8276545D9002C0559 /* BucketListCoreData */ = {
			isa = PBXGroup;
			children = (
				2E4B77E9276545D9002C0559 /* AppDelegate.swift */,
				2E4B77EB276545D9002C0559 /* SceneDelegate.swift */,
				2E4B77ED276545D9002C0559 /* ViewController.swift */,
				2E4B77EF276545D9002C0559 /* Main.storyboard */,
				2E4B77F5276545DA002C0559 /* Assets.xcassets */,
				2E4B77F7276545DA002C0559 /* LaunchScreen.storyboard */,
				2E4B77FA276545DA002C0559 /* Info.plist */,
				2E4B77F2276545D9002C0559 /* BucketListCoreData.xcdatamodeld */,
			);
			path = BucketListCoreData;
			sourceTree = "<group>";
		};
/* End PBXGroup section */

/* Begin PBXNativeTarget section */
		2E4B77E5276545D9002C0559 /* BucketListCoreData */ = {
			isa = PBXNativeTarget;
			buildConfigurationList = 2E4B77FD276545DA002C0559 /* Build configuration list for PBXNativeTarget "BucketListCoreData" */;
			buildPhases = (
				2E4B77E2276545D9002C0559 /* Sources */,
				2E4B77E3276545D9002C0559 /* Frameworks */,
				2E4B77E4276545D9002C0559 /* Resources */,
			);
			buildRules = (
			);
			dependencies = (
			);
			name = BucketListCoreData;
			productName = BucketListCoreData;
			productReference = 2E4B77E6276545D9002C0559 /* BucketListCoreData.app */;
			productType = "com.apple.product-type.application";
		};
/* End PBXNativeTarget section */

/* Begin PBXProject section */
		2E4B77DE276545D9002C0559 /* Project object */ = {
			isa = PBXProject;
			attributes = {
				LastSwiftUpdateCheck = 1240;
				LastUpgradeCheck = 1240;
				TargetAttributes = {
					2E4B77E5276545D9002C0559 = {
						CreatedOnToolsVersion = 12.4;
					};
				};
			};
			buildConfigurationList = 2E4B77E1276545D9002C0559 /* Build configuration list for PBXProject "BucketListCoreData" */;
			compatibilityVersion = "Xcode 9.3";
			developmentRegion = en;
			hasScannedForEncodings = 0;
			knownRegions = (
				en,
				Base,
			);
			mainGroup = 2E4B77DD276545D9002C0559;
			productRefGroup = 2E4B77E7276545D9002C0559 /* Products */;
			projectDirPath = "";
			projectRoot = "";
			targets = (
				2E4B77E5276545D9002C0559 /* BucketListCoreData */,
			);
		};
/* End PBXProject section */

/* Begin PBXResourcesBuildPhase section */
		2E4B77E4276545D9002C0559 /* Resources */ = {
			isa = PBXResourcesBuildPhase;
			buildActionMask = 2147483647;
			files = (
				2E4B77F9276545DA002C0559 /* LaunchScreen.storyboard in Resources */,
				2E4B77F6276545DA002C0559 /* Assets.xcassets in Resources */,
				2E4B77F1276545D9002C0559 /* Main.storyboard in Resources */,
			);
			runOnlyForDeploymentPostprocessing = 0;
		};
/* End PBXResourcesBuildPhase section */

/* Begin PBXSourcesBuildPhase section */
		2E4B77E2276545D9002C0559 /* Sources */ = {
			isa = PBXSourcesBuildPhase;
			buildActionMask = 2147483647;
			files = (
				2E4B77F4276545D9002C0559 /* BucketListCoreData.xcdatamodeld in Sources */,
				2E4B77EE276545D9002C0559 /* ViewController.swift in Sources */,
				2E4B77EA276545D9002C0559 /* AppDelegate.swift in Sources */,
				2E4B77EC276545D9002C0559 /* SceneDelegate.swift in Sources */,
			);
			runOnlyForDeploymentPostprocessing = 0;
		};
/* End PBXSourcesBuildPhase section */

/* Begin PBXVariantGroup section */
		2E4B77EF276545D9002C0559 /* Main.storyboard */ = {
			isa = PBXVariantGroup;
			children = (
				2E4B77F0276545D9002C0559 /* Base */,
			);
			name = Main.storyboard;
			sourceTree = "<group>";
		};
		2E4B77F7276545DA002C0559 /* LaunchScreen.storyboard */ = {
			isa = PBXVariantGroup;
			children = (
				2E4B77F8276545DA002C0559 /* Base */,
			);
			name = LaunchScreen.storyboard;
			sourceTree = "<group>";
		};
/* End PBXVariantGroup section */

/* Begin XCBuildConfiguration section */
		2E4B77FB276545DA002C0559 /* Debug */ = {
			isa = XCBuildConfiguration;
			buildSettings = {
				ALWAYS_SEARCH_USER_PATHS = NO;
				CLANG_ANALYZER_NONNULL = YES;
				CLANG_ANALYZER_NUMBER_OBJECT_CONVERSION = YES_AGGRESSIVE;
				CLANG_CXX_LANGUAGE_STANDARD = "gnu++14";
				CLANG_CXX_LIBRARY = "libc++";
				CLANG_ENABLE_MODULES = YES;
				CLANG_ENABLE_OBJC_ARC = YES;
				CLANG_ENABLE_OBJC_WEAK = YES;
				CLANG_WARN_BLOCK_CAPTURE_AUTORELEASING = YES;
				CLANG_WARN_BOOL_CONVERSION = YES;
				CLANG_WARN_COMMA = YES;
				CLANG_WARN_CONSTANT_CONVERSION = YES;
				CLANG_WARN_DEPRECATED_OBJC_IMPLEMENTATIONS = YES;
				CLANG_WARN_DIRECT_OBJC_ISA_USAGE = YES_ERROR;
				CLANG_WARN_DOCUMENTATION_COMMENTS = YES;
				CLANG_WARN_EMPTY_BODY = YES;
				CLANG_WARN_ENUM_CONVERSION = YES;
				CLANG_WARN_INFINITE_RECURSION = YES;
				CLANG_WARN_INT_CONVERSION = YES;
				CLANG_WARN_NON_LITERAL_NULL_CONVERSION = YES;
				CLANG_WARN_OBJC_IMPLICIT_RETAIN_SELF = YES;
				CLANG_WARN_OBJC_LITERAL_CONVERSION = YES;
				CLANG_WARN_OBJC_ROOT_CLASS = YES_ERROR;
				CLANG_WARN_QUOTED_INCLUDE_IN_FRAMEWORK_HEADER = YES;
				CLANG_WARN_RANGE_LOOP_ANALYSIS = YES;
				CLANG_WARN_STRICT_PROTOTYPES = YES;
				CLANG_WARN_SUSPICIOUS_MOVE = YES;
				CLANG_WARN_UNGUARDED_AVAILABILITY = YES_AGGRESSIVE;
				CLANG_WARN_UNREACHABLE_CODE = YES;
				CLANG_WARN__DUPLICATE_METHOD_MATCH = YES;
				COPY_PHASE_STRIP = NO;
				DEBUG_INFORMATION_FORMAT = dwarf;
				ENABLE_STRICT_OBJC_MSGSEND = YES;
				ENABLE_TESTABILITY = YES;
				GCC_C_LANGUAGE_STANDARD = gnu11;
				GCC_DYNAMIC_NO_PIC = NO;
				GCC_NO_COMMON_BLOCKS = YES;
				GCC_OPTIMIZATION_LEVEL = 0;
				GCC_PREPROCESSOR_DEFINITIONS = (
					"DEBUG=1",
					"$(inherited)",
				);
				GCC_WARN_64_TO_32_BIT_CONVERSION = YES;
				GCC_WARN_ABOUT_RETURN_TYPE = YES_ERROR;
				GCC_WARN_UNDECLARED_SELECTOR = YES;
				GCC_WARN_UNINITIALIZED_AUTOS = YES_AGGRESSIVE;
				GCC_WARN_UNUSED_FUNCTION = YES;
				GCC_WARN_UNUSED_VARIABLE = YES;
				IPHONEOS_DEPLOYMENT_TARGET = 14.4;
				MTL_ENABLE_DEBUG_INFO = INCLUDE_SOURCE;
				MTL_FAST_MATH = YES;
				ONLY_ACTIVE_ARCH = YES;
				SDKROOT = iphoneos;
				SWIFT_ACTIVE_COMPILATION_CONDITIONS = DEBUG;
				SWIFT_OPTIMIZATION_LEVEL = "-Onone";
			};
			name = Debug;
		};
		2E4B77FC276545DA002C0559 /* Release */ = {
			isa = XCBuildConfiguration;
			buildSettings = {
				ALWAYS_SEARCH_USER_PATHS = NO;
				CLANG_ANALYZER_NONNULL = YES;
				CLANG_ANALYZER_NUMBER_OBJECT_CONVERSION = YES_AGGRESSIVE;
				CLANG_CXX_LANGUAGE_STANDARD = "gnu++14";
				CLANG_CXX_LIBRARY = "libc++";
				CLANG_ENABLE_MODULES = YES;
				CLANG_ENABLE_OBJC_ARC = YES;
				CLANG_ENABLE_OBJC_WEAK = YES;
				CLANG_WARN_BLOCK_CAPTURE_AUTORELEASING = YES;
				CLANG_WARN_BOOL_CONVERSION = YES;
				CLANG_WARN_COMMA = YES;
				CLANG_WARN_CONSTANT_CONVERSION = YES;
				CLANG_WARN_DEPRECATED_OBJC_IMPLEMENTATIONS = YES;
				CLANG_WARN_DIRECT_OBJC_ISA_USAGE = YES_ERROR;
				CLANG_WARN_DOCUMENTATION_COMMENTS = YES;
				CLANG_WARN_EMPTY_BODY = YES;
				CLANG_WARN_ENUM_CONVERSION = YES;
				CLANG_WARN_INFINITE_RECURSION = YES;
				CLANG_WARN_INT_CONVERSION = YES;
				CLANG_WARN_NON_LITERAL_NULL_CONVERSION = YES;
				CLANG_WARN_OBJC_IMPLICIT_RETAIN_SELF = YES;
				CLANG_WARN_OBJC_LITERAL_CONVERSION = YES;
				CLANG_WARN_OBJC_ROOT_CLASS = YES_ERROR;
				CLANG_WARN_QUOTED_INCLUDE_IN_FRAMEWORK_HEADER = YES;
				CLANG_WARN_RANGE_LOOP_ANALYSIS = YES;
				CLANG_WARN_STRICT_PROTOTYPES = YES;
				CLANG_WARN_SUSPICIOUS_MOVE = YES;
				CLANG_WARN_UNGUARDED_AVAILABILITY = YES_AGGRESSIVE;
				CLANG_WARN_UNREACHABLE_CODE = YES;
				CLANG_WARN__DUPLICATE_METHOD_MATCH = YES;
				COPY_PHASE_STRIP = NO;
				DEBUG_INFORMATION_FORMAT = "dwarf-with-dsym";
				ENABLE_NS_ASSERTIONS = NO;
				ENABLE_STRICT_OBJC_MSGSEND = YES;
				GCC_C_LANGUAGE_STANDARD = gnu11;
				GCC_NO_COMMON_BLOCKS = YES;
				GCC_WARN_64_TO_32_BIT_CONVERSION = YES;
				GCC_WARN_ABOUT_RETURN_TYPE = YES_ERROR;
				GCC_WARN_UNDECLARED_SELECTOR = YES;
				GCC_WARN_UNINITIALIZED_AUTOS = YES_AGGRESSIVE;
				GCC_WARN_UNUSED_FUNCTION = YES;
				GCC_WARN_UNUSED_VARIABLE = YES;
				IPHONEOS_DEPLOYMENT_TARGET = 14.4;
				MTL_ENABLE_DEBUG_INFO = NO;
				MTL_FAST_MATH = YES;
				SDKROOT = iphoneos;
				SWIFT_COMPILATION_MODE = wholemodule;
				SWIFT_OPTIMIZATION_LEVEL = "-O";
				VALIDATE_PRODUCT = YES;
			};
			name = Release;
		};
		2E4B77FE276545DA002C0559 /* Debug */ = {
			isa = XCBuildConfiguration;
			buildSettings = {
				ASSETCATALOG_COMPILER_APPICON_NAME = AppIcon;
				ASSETCATALOG_COMPILER_GLOBAL_ACCENT_COLOR_NAME = AccentColor;
				CODE_SIGN_STYLE = Automatic;
				INFOPLIST_FILE = BucketListCoreData/Info.plist;
				LD_RUNPATH_SEARCH_PATHS = (
					"$(inherited)",
					"@executable_path/Frameworks",
				);
				PRODUCT_BUNDLE_IDENTIFIER = me.Albtoul.BucketListCoreData;
				PRODUCT_NAME = "$(TARGET_NAME)";
				SWIFT_VERSION = 5.0;
				TARGETED_DEVICE_FAMILY = "1,2";
			};
			name = Debug;
		};
		2E4B77FF276545DA002C0559 /* Release */ = {
			isa = XCBuildConfiguration;
			buildSettings = {
				ASSETCATALOG_COMPILER_APPICON_NAME = AppIcon;
				ASSETCATALOG_COMPILER_GLOBAL_ACCENT_COLOR_NAME = AccentColor;
				CODE_SIGN_STYLE = Automatic;
				INFOPLIST_FILE = BucketListCoreData/Info.plist;
				LD_RUNPATH_SEARCH_PATHS = (
					"$(inherited)",
					"@executable_path/Frameworks",
				);
				PRODUCT_BUNDLE_IDENTIFIER = me.Albtoul.BucketListCoreData;
				PRODUCT_NAME = "$(TARGET_NAME)";
				SWIFT_VERSION = 5.0;
				TARGETED_DEVICE_FAMILY = "1,2";
			};
			name = Release;
		};
/* End XCBuildConfiguration section */

/* Begin XCConfigurationList section */
		2E4B77E1276545D9002C0559 /* Build configuration list for PBXProject "BucketListCoreData" */ = {
			isa = XCConfigurationList;
			buildConfigurations = (
				2E4B77FB276545DA002C0559 /* Debug */,
				2E4B77FC276545DA002C0559 /* Release */,
			);
			defaultConfigurationIsVisible = 0;
			defaultConfigurationName = Release;
		};
		2E4B77FD276545DA002C0559 /* Build configuration list for PBXNativeTarget "BucketListCoreData" */ = {
			isa = XCConfigurationList;
			buildConfigurations = (
				2E4B77FE276545DA002C0559 /* Debug */,
				2E4B77FF276545DA002C0559 /* Release */,
			);
			defaultConfigurationIsVisible = 0;
			defaultConfigurationName = Release;
		};
/* End XCConfigurationList section */

/* Begin XCVersionGroup section */
		2E4B77F2276545D9002C0559 /* BucketListCoreData.xcdatamodeld */ = {
			isa = XCVersionGroup;
			children = (
				2E4B77F3276545D9002C0559 /* BucketListCoreData.xcdatamodel */,
			);
			currentVersion = 2E4B77F3276545D9002C0559 /* BucketListCoreData.xcdatamodel */;
			path = BucketListCoreData.xcdatamodeld;
			sourceTree = "<group>";
			versionGroupType = wrapper.xcdatamodel;
		};
/* End XCVersionGroup section */
	};
	rootObject = 2E4B77DE276545D9002C0559 /* Project object */;
}
